Microsoft Visual Studio Solution File, Format Version 12.00
# Visual Studio Version 17
VisualStudioVersion = 17.5.2.0
MinimumVisualStudioVersion = 10.0.40219.1
Project("{2150E333-8FDC-42A3-9474-1A3956D46DE8}") = "programming", "programming", "{3CB7AB1E-1C70-03C7-4DAF-A2555EAE4171}"
EndProject
Project("{2150E333-8FDC-42A3-9474-1A3956D46DE8}") = "modelagem", "modelagem", "{5837F86E-89F1-CFC7-52ED-9D5A5B133321}"
EndProject
Project("{2150E333-8FDC-42A3-9474-1A3956D46DE8}") = "csharp", "csharp", "{14FA77B1-9C61-98F1-9CEE-B68D5666E6FB}"
EndProject
Project("{2150E333-8FDC-42A3-9474-1A3956D46DE8}") = "oop-exemplos", "oop-exemplos", "{AA612341-262C-8A8C-1B11-BF4C72219E54}"
EndProject
Project("{FAE04EC0-301F-11D3-BF4B-00C04F79EFBC}") = "BancoExemplo", "programming\csharp\oop-exemplos\BancoExemplo\BancoExemplo.csproj", "{A586DF5B-4FC0-D78B-FC99-6A2F4C1EB0B2}"
EndProject
Project("{2150E333-8FDC-42A3-9474-1A3956D46DE8}") = "uml-poo", "uml-poo", "{2558D114-0448-AD12-7186-C9D6B83DD1B7}"
EndProject
Project("{2150E333-8FDC-42A3-9474-1A3956D46DE8}") = "Codigos", "Codigos", "{73D404B3-19AC-CBD2-5ACC-B871C8D4817F}"
EndProject
Project("{2150E333-8FDC-42A3-9474-1A3956D46DE8}") = "Aula 1", "Aula 1", "{C617118D-6072-D56C-63BE-5A0B26651EA4}"
EndProject
Project("{2150E333-8FDC-42A3-9474-1A3956D46DE8}") = "Exemplo banco", "Exemplo banco", "{88366457-D556-6CBF-0167-B6326C8CC5D6}"
EndProject
Project("{2150E333-8FDC-42A3-9474-1A3956D46DE8}") = "c-sharp", "c-sharp", "{B3B95604-9A4B-1C91-42C8-219C9288F0DE}"
EndProject
Project("{FAE04EC0-301F-11D3-BF4B-00C04F79EFBC}") = "poo_conta", "modelagem\uml-poo\Codigos\Aula 1\Exemplo banco\c-sharp\poo_conta_01\poo_conta.csproj", "{7046E347-B880-2A74-DAEF-E959B5B422C2}"
EndProject
Project("{2150E333-8FDC-42A3-9474-1A3956D46DE8}") = "Aula 2", "Aula 2", "{AD69FD13-5B5B-6398-7CD2-17AD24BDFA9D}"
EndProject
Project("{2150E333-8FDC-42A3-9474-1A3956D46DE8}") = "conta", "conta", "{343CA360-5BE3-1206-1877-B89C6CF04482}"
EndProject
Project("{2150E333-8FDC-42A3-9474-1A3956D46DE8}") = "Exemplo banco", "Exemplo banco", "{62D5DA07-C5E2-E47F-CDCF-63761F89445A}"
EndProject
Project("{2150E333-8FDC-42A3-9474-1A3956D46DE8}") = "c-sharp", "c-sharp", "{7F4FFBF7-D953-5484-E69B-2CAEF42D7D19}"
EndProject
Project("{FAE04EC0-301F-11D3-BF4B-00C04F79EFBC}") = "poo_conta", "modelagem\uml-poo\Codigos\Aula 2\conta\Exemplo banco\c-sharp\poo_conta_01\poo_conta.csproj", "{4D5CDED0-9D57-97C0-A53B-2B03126E2658}"
EndProject
Project("{2150E333-8FDC-42A3-9474-1A3956D46DE8}") = "Aula 4", "Aula 4", "{EF089C0C-77EE-2DF7-85F9-AA6378EF7D08}"
EndProject
Project("{2150E333-8FDC-42A3-9474-1A3956D46DE8}") = "conta", "conta", "{214C3554-1514-008F-FE6E-F61C538D1DB6}"
EndProject
Project("{2150E333-8FDC-42A3-9474-1A3956D46DE8}") = "Exemplo banco", "Exemplo banco", "{E04D4A0D-F792-7887-EA61-F25E8DAEACC5}"
EndProject
Project("{2150E333-8FDC-42A3-9474-1A3956D46DE8}") = "c-sharp", "c-sharp", "{DE4D078D-33E7-5CA9-A2F1-67FF5A175820}"
EndProject
Project("{FAE04EC0-301F-11D3-BF4B-00C04F79EFBC}") = "poo_conta", "modelagem\uml-poo\Codigos\Aula 4\conta\Exemplo banco\c-sharp\poo_conta_01\poo_conta.csproj", "{A7E6BC93-68E1-2495-296D-5C776BBE1F77}"
EndProject
Global
	GlobalSection(SolutionConfigurationPlatforms) = preSolution
		Debug|Any CPU = Debug|Any CPU
		Release|Any CPU = Release|Any CPU
	EndGlobalSection
	GlobalSection(ProjectConfigurationPlatforms) = postSolution
		{A586DF5B-4FC0-D78B-FC99-6A2F4C1EB0B2}.Debug|Any CPU.ActiveCfg = Debug|Any CPU
		{A586DF5B-4FC0-D78B-FC99-6A2F4C1EB0B2}.Debug|Any CPU.Build.0 = Debug|Any CPU
		{A586DF5B-4FC0-D78B-FC99-6A2F4C1EB0B2}.Release|Any CPU.ActiveCfg = Release|Any CPU
		{A586DF5B-4FC0-D78B-FC99-6A2F4C1EB0B2}.Release|Any CPU.Build.0 = Release|Any CPU
		{7046E347-B880-2A74-DAEF-E959B5B422C2}.Debug|Any CPU.ActiveCfg = Debug|Any CPU
		{7046E347-B880-2A74-DAEF-E959B5B422C2}.Debug|Any CPU.Build.0 = Debug|Any CPU
		{7046E347-B880-2A74-DAEF-E959B5B422C2}.Release|Any CPU.ActiveCfg = Release|Any CPU
		{7046E347-B880-2A74-DAEF-E959B5B422C2}.Release|Any CPU.Build.0 = Release|Any CPU
		{4D5CDED0-9D57-97C0-A53B-2B03126E2658}.Debug|Any CPU.ActiveCfg = Debug|Any CPU
		{4D5CDED0-9D57-97C0-A53B-2B03126E2658}.Debug|Any CPU.Build.0 = Debug|Any CPU
		{4D5CDED0-9D57-97C0-A53B-2B03126E2658}.Release|Any CPU.ActiveCfg = Release|Any CPU
		{4D5CDED0-9D57-97C0-A53B-2B03126E2658}.Release|Any CPU.Build.0 = Release|Any CPU
		{A7E6BC93-68E1-2495-296D-5C776BBE1F77}.Debug|Any CPU.ActiveCfg = Debug|Any CPU
		{A7E6BC93-68E1-2495-296D-5C776BBE1F77}.Debug|Any CPU.Build.0 = Debug|Any CPU
		{A7E6BC93-68E1-2495-296D-5C776BBE1F77}.Release|Any CPU.ActiveCfg = Release|Any CPU
		{A7E6BC93-68E1-2495-296D-5C776BBE1F77}.Release|Any CPU.Build.0 = Release|Any CPU
	EndGlobalSection
	GlobalSection(SolutionProperties) = preSolution
		HideSolutionNode = FALSE
	EndGlobalSection
	GlobalSection(NestedProjects) = preSolution
		{14FA77B1-9C61-98F1-9CEE-B68D5666E6FB} = {3CB7AB1E-1C70-03C7-4DAF-A2555EAE4171}
		{AA612341-262C-8A8C-1B11-BF4C72219E54} = {14FA77B1-9C61-98F1-9CEE-B68D5666E6FB}
		{A586DF5B-4FC0-D78B-FC99-6A2F4C1EB0B2} = {AA612341-262C-8A8C-1B11-BF4C72219E54}
		{2558D114-0448-AD12-7186-C9D6B83DD1B7} = {5837F86E-89F1-CFC7-52ED-9D5A5B133321}
		{73D404B3-19AC-CBD2-5ACC-B871C8D4817F} = {2558D114-0448-AD12-7186-C9D6B83DD1B7}
		{C617118D-6072-D56C-63BE-5A0B26651EA4} = {73D404B3-19AC-CBD2-5ACC-B871C8D4817F}
		{88366457-D556-6CBF-0167-B6326C8CC5D6} = {C617118D-6072-D56C-63BE-5A0B26651EA4}
		{B3B95604-9A4B-1C91-42C8-219C9288F0DE} = {88366457-D556-6CBF-0167-B6326C8CC5D6}
		{7046E347-B880-2A74-DAEF-E959B5B422C2} = {B3B95604-9A4B-1C91-42C8-219C9288F0DE}
		{AD69FD13-5B5B-6398-7CD2-17AD24BDFA9D} = {73D404B3-19AC-CBD2-5ACC-B871C8D4817F}
		{343CA360-5BE3-1206-1877-B89C6CF04482} = {AD69FD13-5B5B-6398-7CD2-17AD24BDFA9D}
		{62D5DA07-C5E2-E47F-CDCF-63761F89445A} = {343CA360-5BE3-1206-1877-B89C6CF04482}
		{7F4FFBF7-D953-5484-E69B-2CAEF42D7D19} = {62D5DA07-C5E2-E47F-CDCF-63761F89445A}
		{4D5CDED0-9D57-97C0-A53B-2B03126E2658} = {7F4FFBF7-D953-5484-E69B-2CAEF42D7D19}
		{EF089C0C-77EE-2DF7-85F9-AA6378EF7D08} = {73D404B3-19AC-CBD2-5ACC-B871C8D4817F}
		{214C3554-1514-008F-FE6E-F61C538D1DB6} = {EF089C0C-77EE-2DF7-85F9-AA6378EF7D08}
		{E04D4A0D-F792-7887-EA61-F25E8DAEACC5} = {214C3554-1514-008F-FE6E-F61C538D1DB6}
		{DE4D078D-33E7-5CA9-A2F1-67FF5A175820} = {E04D4A0D-F792-7887-EA61-F25E8DAEACC5}
		{A7E6BC93-68E1-2495-296D-5C776BBE1F77} = {DE4D078D-33E7-5CA9-A2F1-67FF5A175820}
	EndGlobalSection
	GlobalSection(ExtensibilityGlobals) = postSolution
		SolutionGuid = {FAAD7AAA-87FE-4847-B934-DD6AF207644D}
	EndGlobalSection
EndGlobal
